
Microsoft Visual Studio Solution File, Format Version 12.00
# Visual Studio 15
VisualStudioVersion = 15.0.28010.2016
MinimumVisualStudioVersion = 10.0.40219.1
Project("{9A19103F-16F7-4668-BE54-9A1E7A4F7556}") = "API", "API\API.csproj", "{A32A1EAF-2245-4842-9CFF-2B1A7BCDD5EB}"
EndProject
Project("{9A19103F-16F7-4668-BE54-9A1E7A4F7556}") = "ADMINAPI.DTO", "ADMINAPI.DTO\ADMINAPI.DTO.csproj", "{8F289EC2-A0A6-4B6E-87D2-2232C60C35D4}"
EndProject
Global
	GlobalSection(SolutionConfigurationPlatforms) = preSolution
		Debug|Any CPU = Debug|Any CPU
		Release|Any CPU = Release|Any CPU
	EndGlobalSection
	GlobalSection(ProjectConfigurationPlatforms) = postSolution
		{A32A1EAF-2245-4842-9CFF-2B1A7BCDD5EB}.Debug|Any CPU.ActiveCfg = Debug|Any CPU
		{A32A1EAF-2245-4842-9CFF-2B1A7BCDD5EB}.Debug|Any CPU.Build.0 = Debug|Any CPU
		{A32A1EAF-2245-4842-9CFF-2B1A7BCDD5EB}.Release|Any CPU.ActiveCfg = Release|Any CPU
		{A32A1EAF-2245-4842-9CFF-2B1A7BCDD5EB}.Release|Any CPU.Build.0 = Release|Any CPU
		{8F289EC2-A0A6-4B6E-87D2-2232C60C35D4}.Debug|Any CPU.ActiveCfg = Debug|Any CPU
		{8F289EC2-A0A6-4B6E-87D2-2232C60C35D4}.Debug|Any CPU.Build.0 = Debug|Any CPU
		{8F289EC2-A0A6-4B6E-87D2-2232C60C35D4}.Release|Any CPU.ActiveCfg = Release|Any CPU
		{8F289EC2-A0A6-4B6E-87D2-2232C60C35D4}.Release|Any CPU.Build.0 = Release|Any CPU
	EndGlobalSection
	GlobalSection(SolutionProperties) = preSolution
		HideSolutionNode = FALSE
	EndGlobalSection
	GlobalSection(ExtensibilityGlobals) = postSolution
		SolutionGuid = {2E9DD45E-F213-4917-8985-0AD43742F3F3}
	EndGlobalSection
EndGlobal
